
Microsoft Visual Studio Solution File, Format Version 12.00
# Visual Studio 15
VisualStudioVersion = 15.0.27703.2042
MinimumVisualStudioVersion = 10.0.40219.1
Project("{8BC9CEB8-8B4A-11D0-8D11-00A0C91BC942}") = "Assigment1_18435522", "Assigment1_18435522\Assigment1_18435522.vcxproj", "{DA3E68A0-9376-4742-896B-C0E9FFE98663}"
EndProject
Global
	GlobalSection(SolutionConfigurationPlatforms) = preSolution
		Debug|x64 = Debug|x64
		Debug|x86 = Debug|x86
		Release|x64 = Release|x64
		Release|x86 = Release|x86
	EndGlobalSection
	GlobalSection(ProjectConfigurationPlatforms) = postSolution
		{DA3E68A0-9376-4742-896B-C0E9FFE98663}.Debug|x64.ActiveCfg = Debug|x64
		{DA3E68A0-9376-4742-896B-C0E9FFE98663}.Debug|x64.Build.0 = Debug|x64
		{DA3E68A0-9376-4742-896B-C0E9FFE98663}.Debug|x86.ActiveCfg = Debug|Win32
		{DA3E68A0-9376-4742-896B-C0E9FFE98663}.Debug|x86.Build.0 = Debug|Win32
		{DA3E68A0-9376-4742-896B-C0E9FFE98663}.Release|x64.ActiveCfg = Release|x64
		{DA3E68A0-9376-4742-896B-C0E9FFE98663}.Release|x64.Build.0 = Release|x64
		{DA3E68A0-9376-4742-896B-C0E9FFE98663}.Release|x86.ActiveCfg = Release|Win32
		{DA3E68A0-9376-4742-896B-C0E9FFE98663}.Release|x86.Build.0 = Release|Win32
	EndGlobalSection
	GlobalSection(SolutionProperties) = preSolution
		HideSolutionNode = FALSE
	EndGlobalSection
	GlobalSection(ExtensibilityGlobals) = postSolution
		SolutionGuid = {BEA296D2-9AAA-4037-80A6-A9856FAF1928}
	EndGlobalSection
EndGlobal
